
Microsoft Visual Studio Solution File, Format Version 12.00
# Visual Studio Version 17
VisualStudioVersion = 17.3.32929.385
MinimumVisualStudioVersion = 10.0.40219.1
Project("{FAE04EC0-301F-11D3-BF4B-00C04F79EFBC}") = "Calendary", "Calendary.csproj", "{91DBB57A-72CB-465E-A225-726E79C9CAA3}"
EndProject
Global
	GlobalSection(SolutionConfigurationPlatforms) = preSolution
		Debug|Any CPU = Debug|Any CPU
		Release|Any CPU = Release|Any CPU
	EndGlobalSection
	GlobalSection(ProjectConfigurationPlatforms) = postSolution
		{91DBB57A-72CB-465E-A225-726E79C9CAA3}.Debug|Any CPU.ActiveCfg = Debug|Any CPU
		{91DBB57A-72CB-465E-A225-726E79C9CAA3}.Debug|Any CPU.Build.0 = Debug|Any CPU
		{91DBB57A-72CB-465E-A225-726E79C9CAA3}.Release|Any CPU.ActiveCfg = Release|Any CPU
		{91DBB57A-72CB-465E-A225-726E79C9CAA3}.Release|Any CPU.Build.0 = Release|Any CPU
	EndGlobalSection
	GlobalSection(SolutionProperties) = preSolution
		HideSolutionNode = FALSE
	EndGlobalSection
	GlobalSection(ExtensibilityGlobals) = postSolution
		SolutionGuid = {5E339E7B-DEEE-4105-BC1D-0F4D5F618869}
	EndGlobalSection
EndGlobal
